
Microsoft Visual Studio Solution File, Format Version 12.00
# Visual Studio 15
VisualStudioVersion = 15.0.26730.15
MinimumVisualStudioVersion = 10.0.40219.1
Project("{FAE04EC0-301F-11D3-BF4B-00C04F79EFBC}") = "Ulatina.Electiva.Calentamiento", "Ulatina.Electiva.Calentamiento\Ulatina.Electiva.Calentamiento.csproj", "{7D5D7072-17F7-4936-8603-584252FAA002}"
EndProject
Project("{FAE04EC0-301F-11D3-BF4B-00C04F79EFBC}") = "GatoGenerico", "GatoGenerico\GatoGenerico.csproj", "{47483788-54E4-4BD8-9857-AD6C2E3776ED}"
EndProject
Project("{9A19103F-16F7-4668-BE54-9A1E7A4F7556}") = "Calculadora", "Calculadora\Calculadora.csproj", "{FA1DD535-9493-4DED-A582-60E2A713C6BC}"
EndProject
Project("{FAE04EC0-301F-11D3-BF4B-00C04F79EFBC}") = "Ulatina.Electiva.WCFArticulos", "Ulatina.Electiva.WCFArticulos\Ulatina.Electiva.WCFArticulos.csproj", "{576B6648-22A1-4E45-97F9-120F0531712D}"
EndProject
Global
	GlobalSection(SolutionConfigurationPlatforms) = preSolution
		Debug|Any CPU = Debug|Any CPU
		Release|Any CPU = Release|Any CPU
	EndGlobalSection
	GlobalSection(ProjectConfigurationPlatforms) = postSolution
		{7D5D7072-17F7-4936-8603-584252FAA002}.Debug|Any CPU.ActiveCfg = Debug|Any CPU
		{7D5D7072-17F7-4936-8603-584252FAA002}.Debug|Any CPU.Build.0 = Debug|Any CPU
		{7D5D7072-17F7-4936-8603-584252FAA002}.Release|Any CPU.ActiveCfg = Release|Any CPU
		{7D5D7072-17F7-4936-8603-584252FAA002}.Release|Any CPU.Build.0 = Release|Any CPU
		{47483788-54E4-4BD8-9857-AD6C2E3776ED}.Debug|Any CPU.ActiveCfg = Debug|Any CPU
		{47483788-54E4-4BD8-9857-AD6C2E3776ED}.Debug|Any CPU.Build.0 = Debug|Any CPU
		{47483788-54E4-4BD8-9857-AD6C2E3776ED}.Release|Any CPU.ActiveCfg = Release|Any CPU
		{47483788-54E4-4BD8-9857-AD6C2E3776ED}.Release|Any CPU.Build.0 = Release|Any CPU
		{FA1DD535-9493-4DED-A582-60E2A713C6BC}.Debug|Any CPU.ActiveCfg = Debug|Any CPU
		{FA1DD535-9493-4DED-A582-60E2A713C6BC}.Debug|Any CPU.Build.0 = Debug|Any CPU
		{FA1DD535-9493-4DED-A582-60E2A713C6BC}.Release|Any CPU.ActiveCfg = Release|Any CPU
		{FA1DD535-9493-4DED-A582-60E2A713C6BC}.Release|Any CPU.Build.0 = Release|Any CPU
		{576B6648-22A1-4E45-97F9-120F0531712D}.Debug|Any CPU.ActiveCfg = Debug|Any CPU
		{576B6648-22A1-4E45-97F9-120F0531712D}.Debug|Any CPU.Build.0 = Debug|Any CPU
		{576B6648-22A1-4E45-97F9-120F0531712D}.Release|Any CPU.ActiveCfg = Release|Any CPU
		{576B6648-22A1-4E45-97F9-120F0531712D}.Release|Any CPU.Build.0 = Release|Any CPU
	EndGlobalSection
	GlobalSection(SolutionProperties) = preSolution
		HideSolutionNode = FALSE
	EndGlobalSection
	GlobalSection(ExtensibilityGlobals) = postSolution
		SolutionGuid = {5313DBF4-39A5-4731-8148-80E6B0ED6B8C}
	EndGlobalSection
EndGlobal
